
Microsoft Visual Studio Solution File, Format Version 12.00
# Visual Studio 15
VisualStudioVersion = 15.0.27703.2042
MinimumVisualStudioVersion = 10.0.40219.1
Project("{FAE04EC0-301F-11D3-BF4B-00C04F79EFBC}") = "MyProject", "MyProject\MyProject.csproj", "{AE405DB4-8D78-4308-B7C7-5D96BD500BAA}"
EndProject
Global
	GlobalSection(SolutionConfigurationPlatforms) = preSolution
		Debug|Any CPU = Debug|Any CPU
		Release|Any CPU = Release|Any CPU
	EndGlobalSection
	GlobalSection(ProjectConfigurationPlatforms) = postSolution
		{AE405DB4-8D78-4308-B7C7-5D96BD500BAA}.Debug|Any CPU.ActiveCfg = Debug|Any CPU
		{AE405DB4-8D78-4308-B7C7-5D96BD500BAA}.Debug|Any CPU.Build.0 = Debug|Any CPU
		{AE405DB4-8D78-4308-B7C7-5D96BD500BAA}.Release|Any CPU.ActiveCfg = Release|Any CPU
		{AE405DB4-8D78-4308-B7C7-5D96BD500BAA}.Release|Any CPU.Build.0 = Release|Any CPU
	EndGlobalSection
	GlobalSection(SolutionProperties) = preSolution
		HideSolutionNode = FALSE
	EndGlobalSection
	GlobalSection(ExtensibilityGlobals) = postSolution
		SolutionGuid = {C7CC9AF0-A8F9-4FF5-8340-67AF6F67EEB4}
	EndGlobalSection
EndGlobal
